
Microsoft Visual Studio Solution File, Format Version 12.00
# Visual Studio 15
VisualStudioVersion = 15.0.28307.757
MinimumVisualStudioVersion = 10.0.40219.1
Project("{9A19103F-16F7-4668-BE54-9A1E7A4F7556}") = "dxExampleWebDocViewerChangeJobPrintName", "ReportingWebDocumentViewerHowToSetPrintJobNameInPrinterQueue\dxExampleWebDocViewerChangeJobPrintName.csproj", "{D410F804-EA55-44A3-8A0C-23EE33F434FB}"
EndProject
Global
	GlobalSection(SolutionConfigurationPlatforms) = preSolution
		Debug|Any CPU = Debug|Any CPU
		Release|Any CPU = Release|Any CPU
	EndGlobalSection
	GlobalSection(ProjectConfigurationPlatforms) = postSolution
		{D410F804-EA55-44A3-8A0C-23EE33F434FB}.Debug|Any CPU.ActiveCfg = Debug|Any CPU
		{D410F804-EA55-44A3-8A0C-23EE33F434FB}.Debug|Any CPU.Build.0 = Debug|Any CPU
		{D410F804-EA55-44A3-8A0C-23EE33F434FB}.Release|Any CPU.ActiveCfg = Release|Any CPU
		{D410F804-EA55-44A3-8A0C-23EE33F434FB}.Release|Any CPU.Build.0 = Release|Any CPU
		EndGlobalSection
	GlobalSection(SolutionProperties) = preSolution
		HideSolutionNode = FALSE
	EndGlobalSection
	GlobalSection(ExtensibilityGlobals) = postSolution
		SolutionGuid = {265B6A60-06CB-41E5-9818-8D63D3190E77}
	EndGlobalSection
EndGlobal
